
Microsoft Visual Studio Solution File, Format Version 12.00
# Visual Studio Version 17
VisualStudioVersion = 17.0.31903.59
MinimumVisualStudioVersion = 10.0.40219.1
Project("{FAE04EC0-301F-11D3-BF4B-00C04F79EFBC}") = "1. CSharp_Mini_8hrs", "CSharp_Mini_8hrs\1. CSharp_Mini_8hrs.csproj", "{8C027DCE-4660-4583-B675-A7F79A6CF7C9}"
EndProject
Project("{FAE04EC0-301F-11D3-BF4B-00C04F79EFBC}") = "2. Switch", "Switch\2. Switch.csproj", "{724C3FAB-811F-434C-A249-23FC3B2DAF81}"
EndProject
Project("{FAE04EC0-301F-11D3-BF4B-00C04F79EFBC}") = "3. For Loops", "For Loops\3. For Loops.csproj", "{71626FE6-A276-49D9-BFF8-4BCCB310EB75}"
EndProject
Project("{FAE04EC0-301F-11D3-BF4B-00C04F79EFBC}") = "4. While_Loops", "While_Loops\4. While_Loops.csproj", "{1D4D6769-C0D8-4C90-B6EC-D0F6A54845D7}"
EndProject
Project("{FAE04EC0-301F-11D3-BF4B-00C04F79EFBC}") = "5. Condition_Operator", "Condition_Operator\5. Condition_Operator.csproj", "{1992652B-9607-471F-A72A-FD7E2B9202A5}"
EndProject
Project("{FAE04EC0-301F-11D3-BF4B-00C04F79EFBC}") = "6. TryParse Function", "6. TryParse Function\6. TryParse Function.csproj", "{ADE3895A-E442-49BD-AE19-04536D69DE91}"
EndProject
Project("{FAE04EC0-301F-11D3-BF4B-00C04F79EFBC}") = "7. Excercise _ Times Table", "7. Excercise _ Times Table\7. Excercise _ Times Table.csproj", "{BD8272B3-ACB2-474C-8FC5-C7714CCB6A85}"
EndProject
Project("{FAE04EC0-301F-11D3-BF4B-00C04F79EFBC}") = "8. Excercise _ Fizz Buzz Game", "8. Excercise _ Fizz Buzz Game\8. Excercise _ Fizz Buzz Game.csproj", "{95438669-B3ED-4CDC-B0C3-E3ABF12A3986}"
EndProject
Project("{FAE04EC0-301F-11D3-BF4B-00C04F79EFBC}") = "9. Verbatim String Literal", "9. Verbatim String Literal\9. Verbatim String Literal.csproj", "{A9A0B985-19D0-4F35-9AA0-96F11E872CB0}"
EndProject
Project("{FAE04EC0-301F-11D3-BF4B-00C04F79EFBC}") = "10. String Formating", "10. String Formating\10. String Formating.csproj", "{B3F72E04-73BD-482A-B19F-04607FD063C4}"
EndProject
Project("{FAE04EC0-301F-11D3-BF4B-00C04F79EFBC}") = "11. String Concatenation", "String Concatenation\11. String Concatenation.csproj", "{AA1465E6-0503-4A60-934F-664A6BCB14F1}"
EndProject
Project("{FAE04EC0-301F-11D3-BF4B-00C04F79EFBC}") = "12. String Equals Function", "12. String Equals Function\12. String Equals Function.csproj", "{4AD3738F-3F5E-41B7-96FA-D86C917AB975}"
EndProject
Project("{FAE04EC0-301F-11D3-BF4B-00C04F79EFBC}") = "13. String Iteration Looping", "13. String Iteration Looping\13. String Iteration Looping.csproj", "{35A07E4F-70C0-43EF-B546-2E6CF1127F19}"
EndProject
Project("{FAE04EC0-301F-11D3-BF4B-00C04F79EFBC}") = "14. String is Null or Empty Function", "14. String is Null or Empty Function\14. String is Null or Empty Function.csproj", "{2D2C1456-1500-4B0E-B0CF-21B51EC6D2E1}"
EndProject
Project("{FAE04EC0-301F-11D3-BF4B-00C04F79EFBC}") = "15. Excercise _ Print String in Reverse", "15. Excercise _ Print String in Reverse\15. Excercise _ Print String in Reverse.csproj", "{C9453425-FCCB-48C7-AA07-FE5FE72EC29F}"
EndProject
Project("{FAE04EC0-301F-11D3-BF4B-00C04F79EFBC}") = "16. Exercise _ Password Checker", "16. Exercise _ Password Checker\16. Exercise _ Password Checker.csproj", "{0A3D473D-2EAF-4F3A-B0DC-ABF26B10E883}"
EndProject
Project("{FAE04EC0-301F-11D3-BF4B-00C04F79EFBC}") = "17. Arrays", "17. Arrays\17. Arrays.csproj", "{28447484-BB92-4262-88DF-5442F464E809}"
EndProject
Project("{FAE04EC0-301F-11D3-BF4B-00C04F79EFBC}") = "18. Arrays Sorting", "18. Arrays Sorting\18. Arrays Sorting.csproj", "{0062D8CB-7BAC-4A58-AC48-5FB51FE25EA6}"
EndProject
Project("{FAE04EC0-301F-11D3-BF4B-00C04F79EFBC}") = "19. Array Reversal", "19. Array Reversal\19. Array Reversal.csproj", "{DF7C124D-D83F-46D9-887B-FFFF38ED0562}"
EndProject
Project("{FAE04EC0-301F-11D3-BF4B-00C04F79EFBC}") = "20. Array Clearing", "20. Array Clearing\20. Array Clearing.csproj", "{AB34C9D4-E7A8-49DD-A39A-CEF70BA871A4}"
EndProject
Project("{FAE04EC0-301F-11D3-BF4B-00C04F79EFBC}") = "21. Array IndexOf", "21. Array IndexOf\21. Array IndexOf.csproj", "{02FB4221-A6ED-49E2-B77A-8ED1EA4A3DDF}"
EndProject
Project("{FAE04EC0-301F-11D3-BF4B-00C04F79EFBC}") = "22. Lists", "22. Lists\22. Lists.csproj", "{19F951F6-7561-4CF1-8D81-8069EDF99548}"
EndProject
Project("{FAE04EC0-301F-11D3-BF4B-00C04F79EFBC}") = "23. Dictionary", "23. Dictionary\23. Dictionary.csproj", "{D77977C8-4901-4A2C-B40F-E3AE69A4E8BE}"
EndProject
Project("{FAE04EC0-301F-11D3-BF4B-00C04F79EFBC}") = "24. Excercise Odd _ Even Number Split", "24. Excercise Odd _ Even Number Split\24. Excercise Odd _ Even Number Split.csproj", "{5C913D04-A74A-4B5F-934F-B652B70B5658}"
EndProject
Project("{FAE04EC0-301F-11D3-BF4B-00C04F79EFBC}") = "25. Excercise _ Array of Multiples", "25. Excercise _ Array of Multiples\25. Excercise _ Array of Multiples.csproj", "{4AAE72BD-9242-4DB0-BBA6-B7FDAF087C9F}"
EndProject
Project("{FAE04EC0-301F-11D3-BF4B-00C04F79EFBC}") = "26. Methods or Functions", "26. Methods or Functions\26. Methods or Functions.csproj", "{B0A06AD3-F69F-4819-B85B-5D987FCCAA17}"
EndProject
Project("{FAE04EC0-301F-11D3-BF4B-00C04F79EFBC}") = "27. Return Type Functions", "27. Return Type Functions\27. Return Type Functions.csproj", "{B972BD11-D57F-4A4B-B964-5A1BC94E964B}"
EndProject
Project("{FAE04EC0-301F-11D3-BF4B-00C04F79EFBC}") = "28. Function Parameters", "28. Function Parameters\28. Function Parameters.csproj", "{EED4569D-8A29-41B7-B245-D6EC97095927}"
EndProject
Project("{FAE04EC0-301F-11D3-BF4B-00C04F79EFBC}") = "29. Optional Parameters", "29. Optional Parameters\29. Optional Parameters.csproj", "{561479DB-ECEE-417B-BB06-F6E9EFA7BA02}"
EndProject
Project("{FAE04EC0-301F-11D3-BF4B-00C04F79EFBC}") = "30. Named Patameters", "30. Named Patameters\30. Named Patameters.csproj", "{F60E2049-0670-4635-A609-0FB47AB578C1}"
EndProject
Project("{FAE04EC0-301F-11D3-BF4B-00C04F79EFBC}") = "31. Out Parameters", "31. Out Parameters\31. Out Parameters.csproj", "{2D0B9832-0AD8-4866-8260-EC5FD2FD768B}"
EndProject
Project("{FAE04EC0-301F-11D3-BF4B-00C04F79EFBC}") = "32. Reference parameter", "32. Reference parameter\32. Reference parameter.csproj", "{FBFFCAB1-42F6-4FC7-95B0-F80ACF17752F}"
EndProject
Project("{FAE04EC0-301F-11D3-BF4B-00C04F79EFBC}") = "33. Excercise  _  Area of a Triangle", "33. Excercise  _  Area of a Triangle\33. Excercise  _  Area of a Triangle.csproj", "{8187A64D-B1A6-4889-9C15-DBB3C5758670}"
EndProject
Project("{FAE04EC0-301F-11D3-BF4B-00C04F79EFBC}") = "34. Exercise _ Sum of Int Array", "34. Exercise _ Sum of Int Array\34. Exercise _ Sum of Int Array.csproj", "{B13D710B-01E3-4AFB-AC1F-66C810AC9D4B}"
EndProject
Project("{FAE04EC0-301F-11D3-BF4B-00C04F79EFBC}") = "35. Exeption Handling", "35. Exeption Handling\35. Exeption Handling.csproj", "{DE4BFDC2-E613-476C-825F-0BBD6395CE67}"
EndProject
Project("{FAE04EC0-301F-11D3-BF4B-00C04F79EFBC}") = "36. Try Catch _ Handle Exception", "36. Try Catch _ Handle Exception\36. Try Catch _ Handle Exception.csproj", "{69704EB1-2174-4A0B-88D4-8B87AC1EC883}"
EndProject
Project("{FAE04EC0-301F-11D3-BF4B-00C04F79EFBC}") = "37. Printing Error Messages", "37. Printing Error Messages\37. Printing Error Messages.csproj", "{473CBFAB-325F-4102-A841-3E558F413B96}"
EndProject
Project("{FAE04EC0-301F-11D3-BF4B-00C04F79EFBC}") = "38. Exercise _ Custome TryParse", "38. Exercise _ Custome TryParse\38. Exercise _ Custome TryParse.csproj", "{A59601BF-79D1-42F2-A5C9-38DAE82553BA}"
EndProject
Project("{FAE04EC0-301F-11D3-BF4B-00C04F79EFBC}") = "39. Debugging", "39. Debugging\39. Debugging.csproj", "{7D1E0E0F-D464-4952-B3C3-90160058EB15}"
EndProject
Project("{FAE04EC0-301F-11D3-BF4B-00C04F79EFBC}") = "40. Local and Auto Window", "40. Local and Auto Window\40. Local and Auto Window.csproj", "{8F85DB79-ECEF-467E-BC27-A7007355F356}"
EndProject
Project("{FAE04EC0-301F-11D3-BF4B-00C04F79EFBC}") = "41. Structures", "41. Structures\41. Structures.csproj", "{89853842-9810-487F-8828-D56AC3147305}"
EndProject
Project("{FAE04EC0-301F-11D3-BF4B-00C04F79EFBC}") = "42. Classes", "42. Classes\42. Classes.csproj", "{E8F0E9F3-4605-4424-B4D9-62CD55B25B6B}"
EndProject
Global
	GlobalSection(SolutionConfigurationPlatforms) = preSolution
		Debug|Any CPU = Debug|Any CPU
		Release|Any CPU = Release|Any CPU
	EndGlobalSection
	GlobalSection(ProjectConfigurationPlatforms) = postSolution
		{8C027DCE-4660-4583-B675-A7F79A6CF7C9}.Debug|Any CPU.ActiveCfg = Debug|Any CPU
		{8C027DCE-4660-4583-B675-A7F79A6CF7C9}.Debug|Any CPU.Build.0 = Debug|Any CPU
		{8C027DCE-4660-4583-B675-A7F79A6CF7C9}.Release|Any CPU.ActiveCfg = Release|Any CPU
		{8C027DCE-4660-4583-B675-A7F79A6CF7C9}.Release|Any CPU.Build.0 = Release|Any CPU
		{724C3FAB-811F-434C-A249-23FC3B2DAF81}.Debug|Any CPU.ActiveCfg = Debug|Any CPU
		{724C3FAB-811F-434C-A249-23FC3B2DAF81}.Debug|Any CPU.Build.0 = Debug|Any CPU
		{724C3FAB-811F-434C-A249-23FC3B2DAF81}.Release|Any CPU.ActiveCfg = Release|Any CPU
		{724C3FAB-811F-434C-A249-23FC3B2DAF81}.Release|Any CPU.Build.0 = Release|Any CPU
		{71626FE6-A276-49D9-BFF8-4BCCB310EB75}.Debug|Any CPU.ActiveCfg = Debug|Any CPU
		{71626FE6-A276-49D9-BFF8-4BCCB310EB75}.Debug|Any CPU.Build.0 = Debug|Any CPU
		{71626FE6-A276-49D9-BFF8-4BCCB310EB75}.Release|Any CPU.ActiveCfg = Release|Any CPU
		{71626FE6-A276-49D9-BFF8-4BCCB310EB75}.Release|Any CPU.Build.0 = Release|Any CPU
		{1D4D6769-C0D8-4C90-B6EC-D0F6A54845D7}.Debug|Any CPU.ActiveCfg = Debug|Any CPU
		{1D4D6769-C0D8-4C90-B6EC-D0F6A54845D7}.Debug|Any CPU.Build.0 = Debug|Any CPU
		{1D4D6769-C0D8-4C90-B6EC-D0F6A54845D7}.Release|Any CPU.ActiveCfg = Release|Any CPU
		{1D4D6769-C0D8-4C90-B6EC-D0F6A54845D7}.Release|Any CPU.Build.0 = Release|Any CPU
		{1992652B-9607-471F-A72A-FD7E2B9202A5}.Debug|Any CPU.ActiveCfg = Debug|Any CPU
		{1992652B-9607-471F-A72A-FD7E2B9202A5}.Debug|Any CPU.Build.0 = Debug|Any CPU
		{1992652B-9607-471F-A72A-FD7E2B9202A5}.Release|Any CPU.ActiveCfg = Release|Any CPU
		{1992652B-9607-471F-A72A-FD7E2B9202A5}.Release|Any CPU.Build.0 = Release|Any CPU
		{ADE3895A-E442-49BD-AE19-04536D69DE91}.Debug|Any CPU.ActiveCfg = Debug|Any CPU
		{ADE3895A-E442-49BD-AE19-04536D69DE91}.Debug|Any CPU.Build.0 = Debug|Any CPU
		{ADE3895A-E442-49BD-AE19-04536D69DE91}.Release|Any CPU.ActiveCfg = Release|Any CPU
		{ADE3895A-E442-49BD-AE19-04536D69DE91}.Release|Any CPU.Build.0 = Release|Any CPU
		{BD8272B3-ACB2-474C-8FC5-C7714CCB6A85}.Debug|Any CPU.ActiveCfg = Debug|Any CPU
		{BD8272B3-ACB2-474C-8FC5-C7714CCB6A85}.Debug|Any CPU.Build.0 = Debug|Any CPU
		{BD8272B3-ACB2-474C-8FC5-C7714CCB6A85}.Release|Any CPU.ActiveCfg = Release|Any CPU
		{BD8272B3-ACB2-474C-8FC5-C7714CCB6A85}.Release|Any CPU.Build.0 = Release|Any CPU
		{95438669-B3ED-4CDC-B0C3-E3ABF12A3986}.Debug|Any CPU.ActiveCfg = Debug|Any CPU
		{95438669-B3ED-4CDC-B0C3-E3ABF12A3986}.Debug|Any CPU.Build.0 = Debug|Any CPU
		{95438669-B3ED-4CDC-B0C3-E3ABF12A3986}.Release|Any CPU.ActiveCfg = Release|Any CPU
		{95438669-B3ED-4CDC-B0C3-E3ABF12A3986}.Release|Any CPU.Build.0 = Release|Any CPU
		{A9A0B985-19D0-4F35-9AA0-96F11E872CB0}.Debug|Any CPU.ActiveCfg = Debug|Any CPU
		{A9A0B985-19D0-4F35-9AA0-96F11E872CB0}.Debug|Any CPU.Build.0 = Debug|Any CPU
		{A9A0B985-19D0-4F35-9AA0-96F11E872CB0}.Release|Any CPU.ActiveCfg = Release|Any CPU
		{A9A0B985-19D0-4F35-9AA0-96F11E872CB0}.Release|Any CPU.Build.0 = Release|Any CPU
		{B3F72E04-73BD-482A-B19F-04607FD063C4}.Debug|Any CPU.ActiveCfg = Debug|Any CPU
		{B3F72E04-73BD-482A-B19F-04607FD063C4}.Debug|Any CPU.Build.0 = Debug|Any CPU
		{B3F72E04-73BD-482A-B19F-04607FD063C4}.Release|Any CPU.ActiveCfg = Release|Any CPU
		{B3F72E04-73BD-482A-B19F-04607FD063C4}.Release|Any CPU.Build.0 = Release|Any CPU
		{AA1465E6-0503-4A60-934F-664A6BCB14F1}.Debug|Any CPU.ActiveCfg = Debug|Any CPU
		{AA1465E6-0503-4A60-934F-664A6BCB14F1}.Debug|Any CPU.Build.0 = Debug|Any CPU
		{AA1465E6-0503-4A60-934F-664A6BCB14F1}.Release|Any CPU.ActiveCfg = Release|Any CPU
		{AA1465E6-0503-4A60-934F-664A6BCB14F1}.Release|Any CPU.Build.0 = Release|Any CPU
		{4AD3738F-3F5E-41B7-96FA-D86C917AB975}.Debug|Any CPU.ActiveCfg = Debug|Any CPU
		{4AD3738F-3F5E-41B7-96FA-D86C917AB975}.Debug|Any CPU.Build.0 = Debug|Any CPU
		{4AD3738F-3F5E-41B7-96FA-D86C917AB975}.Release|Any CPU.ActiveCfg = Release|Any CPU
		{4AD3738F-3F5E-41B7-96FA-D86C917AB975}.Release|Any CPU.Build.0 = Release|Any CPU
		{35A07E4F-70C0-43EF-B546-2E6CF1127F19}.Debug|Any CPU.ActiveCfg = Debug|Any CPU
		{35A07E4F-70C0-43EF-B546-2E6CF1127F19}.Debug|Any CPU.Build.0 = Debug|Any CPU
		{35A07E4F-70C0-43EF-B546-2E6CF1127F19}.Release|Any CPU.ActiveCfg = Release|Any CPU
		{35A07E4F-70C0-43EF-B546-2E6CF1127F19}.Release|Any CPU.Build.0 = Release|Any CPU
		{2D2C1456-1500-4B0E-B0CF-21B51EC6D2E1}.Debug|Any CPU.ActiveCfg = Debug|Any CPU
		{2D2C1456-1500-4B0E-B0CF-21B51EC6D2E1}.Debug|Any CPU.Build.0 = Debug|Any CPU
		{2D2C1456-1500-4B0E-B0CF-21B51EC6D2E1}.Release|Any CPU.ActiveCfg = Release|Any CPU
		{2D2C1456-1500-4B0E-B0CF-21B51EC6D2E1}.Release|Any CPU.Build.0 = Release|Any CPU
		{C9453425-FCCB-48C7-AA07-FE5FE72EC29F}.Debug|Any CPU.ActiveCfg = Debug|Any CPU
		{C9453425-FCCB-48C7-AA07-FE5FE72EC29F}.Debug|Any CPU.Build.0 = Debug|Any CPU
		{C9453425-FCCB-48C7-AA07-FE5FE72EC29F}.Release|Any CPU.ActiveCfg = Release|Any CPU
		{C9453425-FCCB-48C7-AA07-FE5FE72EC29F}.Release|Any CPU.Build.0 = Release|Any CPU
		{0A3D473D-2EAF-4F3A-B0DC-ABF26B10E883}.Debug|Any CPU.ActiveCfg = Debug|Any CPU
		{0A3D473D-2EAF-4F3A-B0DC-ABF26B10E883}.Debug|Any CPU.Build.0 = Debug|Any CPU
		{0A3D473D-2EAF-4F3A-B0DC-ABF26B10E883}.Release|Any CPU.ActiveCfg = Release|Any CPU
		{0A3D473D-2EAF-4F3A-B0DC-ABF26B10E883}.Release|Any CPU.Build.0 = Release|Any CPU
		{28447484-BB92-4262-88DF-5442F464E809}.Debug|Any CPU.ActiveCfg = Debug|Any CPU
		{28447484-BB92-4262-88DF-5442F464E809}.Debug|Any CPU.Build.0 = Debug|Any CPU
		{28447484-BB92-4262-88DF-5442F464E809}.Release|Any CPU.ActiveCfg = Release|Any CPU
		{28447484-BB92-4262-88DF-5442F464E809}.Release|Any CPU.Build.0 = Release|Any CPU
		{0062D8CB-7BAC-4A58-AC48-5FB51FE25EA6}.Debug|Any CPU.ActiveCfg = Debug|Any CPU
		{0062D8CB-7BAC-4A58-AC48-5FB51FE25EA6}.Debug|Any CPU.Build.0 = Debug|Any CPU
		{0062D8CB-7BAC-4A58-AC48-5FB51FE25EA6}.Release|Any CPU.ActiveCfg = Release|Any CPU
		{0062D8CB-7BAC-4A58-AC48-5FB51FE25EA6}.Release|Any CPU.Build.0 = Release|Any CPU
		{DF7C124D-D83F-46D9-887B-FFFF38ED0562}.Debug|Any CPU.ActiveCfg = Debug|Any CPU
		{DF7C124D-D83F-46D9-887B-FFFF38ED0562}.Debug|Any CPU.Build.0 = Debug|Any CPU
		{DF7C124D-D83F-46D9-887B-FFFF38ED0562}.Release|Any CPU.ActiveCfg = Release|Any CPU
		{DF7C124D-D83F-46D9-887B-FFFF38ED0562}.Release|Any CPU.Build.0 = Release|Any CPU
		{AB34C9D4-E7A8-49DD-A39A-CEF70BA871A4}.Debug|Any CPU.ActiveCfg = Debug|Any CPU
		{AB34C9D4-E7A8-49DD-A39A-CEF70BA871A4}.Debug|Any CPU.Build.0 = Debug|Any CPU
		{AB34C9D4-E7A8-49DD-A39A-CEF70BA871A4}.Release|Any CPU.ActiveCfg = Release|Any CPU
		{AB34C9D4-E7A8-49DD-A39A-CEF70BA871A4}.Release|Any CPU.Build.0 = Release|Any CPU
		{02FB4221-A6ED-49E2-B77A-8ED1EA4A3DDF}.Debug|Any CPU.ActiveCfg = Debug|Any CPU
		{02FB4221-A6ED-49E2-B77A-8ED1EA4A3DDF}.Debug|Any CPU.Build.0 = Debug|Any CPU
		{02FB4221-A6ED-49E2-B77A-8ED1EA4A3DDF}.Release|Any CPU.ActiveCfg = Release|Any CPU
		{02FB4221-A6ED-49E2-B77A-8ED1EA4A3DDF}.Release|Any CPU.Build.0 = Release|Any CPU
		{19F951F6-7561-4CF1-8D81-8069EDF99548}.Debug|Any CPU.ActiveCfg = Debug|Any CPU
		{19F951F6-7561-4CF1-8D81-8069EDF99548}.Debug|Any CPU.Build.0 = Debug|Any CPU
		{19F951F6-7561-4CF1-8D81-8069EDF99548}.Release|Any CPU.ActiveCfg = Release|Any CPU
		{19F951F6-7561-4CF1-8D81-8069EDF99548}.Release|Any CPU.Build.0 = Release|Any CPU
		{D77977C8-4901-4A2C-B40F-E3AE69A4E8BE}.Debug|Any CPU.ActiveCfg = Debug|Any CPU
		{D77977C8-4901-4A2C-B40F-E3AE69A4E8BE}.Debug|Any CPU.Build.0 = Debug|Any CPU
		{D77977C8-4901-4A2C-B40F-E3AE69A4E8BE}.Release|Any CPU.ActiveCfg = Release|Any CPU
		{D77977C8-4901-4A2C-B40F-E3AE69A4E8BE}.Release|Any CPU.Build.0 = Release|Any CPU
		{5C913D04-A74A-4B5F-934F-B652B70B5658}.Debug|Any CPU.ActiveCfg = Debug|Any CPU
		{5C913D04-A74A-4B5F-934F-B652B70B5658}.Debug|Any CPU.Build.0 = Debug|Any CPU
		{5C913D04-A74A-4B5F-934F-B652B70B5658}.Release|Any CPU.ActiveCfg = Release|Any CPU
		{5C913D04-A74A-4B5F-934F-B652B70B5658}.Release|Any CPU.Build.0 = Release|Any CPU
		{4AAE72BD-9242-4DB0-BBA6-B7FDAF087C9F}.Debug|Any CPU.ActiveCfg = Debug|Any CPU
		{4AAE72BD-9242-4DB0-BBA6-B7FDAF087C9F}.Debug|Any CPU.Build.0 = Debug|Any CPU
		{4AAE72BD-9242-4DB0-BBA6-B7FDAF087C9F}.Release|Any CPU.ActiveCfg = Release|Any CPU
		{4AAE72BD-9242-4DB0-BBA6-B7FDAF087C9F}.Release|Any CPU.Build.0 = Release|Any CPU
		{B0A06AD3-F69F-4819-B85B-5D987FCCAA17}.Debug|Any CPU.ActiveCfg = Debug|Any CPU
		{B0A06AD3-F69F-4819-B85B-5D987FCCAA17}.Debug|Any CPU.Build.0 = Debug|Any CPU
		{B0A06AD3-F69F-4819-B85B-5D987FCCAA17}.Release|Any CPU.ActiveCfg = Release|Any CPU
		{B0A06AD3-F69F-4819-B85B-5D987FCCAA17}.Release|Any CPU.Build.0 = Release|Any CPU
		{B972BD11-D57F-4A4B-B964-5A1BC94E964B}.Debug|Any CPU.ActiveCfg = Debug|Any CPU
		{B972BD11-D57F-4A4B-B964-5A1BC94E964B}.Debug|Any CPU.Build.0 = Debug|Any CPU
		{B972BD11-D57F-4A4B-B964-5A1BC94E964B}.Release|Any CPU.ActiveCfg = Release|Any CPU
		{B972BD11-D57F-4A4B-B964-5A1BC94E964B}.Release|Any CPU.Build.0 = Release|Any CPU
		{EED4569D-8A29-41B7-B245-D6EC97095927}.Debug|Any CPU.ActiveCfg = Debug|Any CPU
		{EED4569D-8A29-41B7-B245-D6EC97095927}.Debug|Any CPU.Build.0 = Debug|Any CPU
		{EED4569D-8A29-41B7-B245-D6EC97095927}.Release|Any CPU.ActiveCfg = Release|Any CPU
		{EED4569D-8A29-41B7-B245-D6EC97095927}.Release|Any CPU.Build.0 = Release|Any CPU
		{561479DB-ECEE-417B-BB06-F6E9EFA7BA02}.Debug|Any CPU.ActiveCfg = Debug|Any CPU
		{561479DB-ECEE-417B-BB06-F6E9EFA7BA02}.Debug|Any CPU.Build.0 = Debug|Any CPU
		{561479DB-ECEE-417B-BB06-F6E9EFA7BA02}.Release|Any CPU.ActiveCfg = Release|Any CPU
		{561479DB-ECEE-417B-BB06-F6E9EFA7BA02}.Release|Any CPU.Build.0 = Release|Any CPU
		{F60E2049-0670-4635-A609-0FB47AB578C1}.Debug|Any CPU.ActiveCfg = Debug|Any CPU
		{F60E2049-0670-4635-A609-0FB47AB578C1}.Debug|Any CPU.Build.0 = Debug|Any CPU
		{F60E2049-0670-4635-A609-0FB47AB578C1}.Release|Any CPU.ActiveCfg = Release|Any CPU
		{F60E2049-0670-4635-A609-0FB47AB578C1}.Release|Any CPU.Build.0 = Release|Any CPU
		{2D0B9832-0AD8-4866-8260-EC5FD2FD768B}.Debug|Any CPU.ActiveCfg = Debug|Any CPU
		{2D0B9832-0AD8-4866-8260-EC5FD2FD768B}.Debug|Any CPU.Build.0 = Debug|Any CPU
		{2D0B9832-0AD8-4866-8260-EC5FD2FD768B}.Release|Any CPU.ActiveCfg = Release|Any CPU
		{2D0B9832-0AD8-4866-8260-EC5FD2FD768B}.Release|Any CPU.Build.0 = Release|Any CPU
		{FBFFCAB1-42F6-4FC7-95B0-F80ACF17752F}.Debug|Any CPU.ActiveCfg = Debug|Any CPU
		{FBFFCAB1-42F6-4FC7-95B0-F80ACF17752F}.Debug|Any CPU.Build.0 = Debug|Any CPU
		{FBFFCAB1-42F6-4FC7-95B0-F80ACF17752F}.Release|Any CPU.ActiveCfg = Release|Any CPU
		{FBFFCAB1-42F6-4FC7-95B0-F80ACF17752F}.Release|Any CPU.Build.0 = Release|Any CPU
		{8187A64D-B1A6-4889-9C15-DBB3C5758670}.Debug|Any CPU.ActiveCfg = Debug|Any CPU
		{8187A64D-B1A6-4889-9C15-DBB3C5758670}.Debug|Any CPU.Build.0 = Debug|Any CPU
		{8187A64D-B1A6-4889-9C15-DBB3C5758670}.Release|Any CPU.ActiveCfg = Release|Any CPU
		{8187A64D-B1A6-4889-9C15-DBB3C5758670}.Release|Any CPU.Build.0 = Release|Any CPU
		{B13D710B-01E3-4AFB-AC1F-66C810AC9D4B}.Debug|Any CPU.ActiveCfg = Debug|Any CPU
		{B13D710B-01E3-4AFB-AC1F-66C810AC9D4B}.Debug|Any CPU.Build.0 = Debug|Any CPU
		{B13D710B-01E3-4AFB-AC1F-66C810AC9D4B}.Release|Any CPU.ActiveCfg = Release|Any CPU
		{B13D710B-01E3-4AFB-AC1F-66C810AC9D4B}.Release|Any CPU.Build.0 = Release|Any CPU
		{DE4BFDC2-E613-476C-825F-0BBD6395CE67}.Debug|Any CPU.ActiveCfg = Debug|Any CPU
		{DE4BFDC2-E613-476C-825F-0BBD6395CE67}.Debug|Any CPU.Build.0 = Debug|Any CPU
		{DE4BFDC2-E613-476C-825F-0BBD6395CE67}.Release|Any CPU.ActiveCfg = Release|Any CPU
		{DE4BFDC2-E613-476C-825F-0BBD6395CE67}.Release|Any CPU.Build.0 = Release|Any CPU
		{69704EB1-2174-4A0B-88D4-8B87AC1EC883}.Debug|Any CPU.ActiveCfg = Debug|Any CPU
		{69704EB1-2174-4A0B-88D4-8B87AC1EC883}.Debug|Any CPU.Build.0 = Debug|Any CPU
		{69704EB1-2174-4A0B-88D4-8B87AC1EC883}.Release|Any CPU.ActiveCfg = Release|Any CPU
		{69704EB1-2174-4A0B-88D4-8B87AC1EC883}.Release|Any CPU.Build.0 = Release|Any CPU
		{473CBFAB-325F-4102-A841-3E558F413B96}.Debug|Any CPU.ActiveCfg = Debug|Any CPU
		{473CBFAB-325F-4102-A841-3E558F413B96}.Debug|Any CPU.Build.0 = Debug|Any CPU
		{473CBFAB-325F-4102-A841-3E558F413B96}.Release|Any CPU.ActiveCfg = Release|Any CPU
		{473CBFAB-325F-4102-A841-3E558F413B96}.Release|Any CPU.Build.0 = Release|Any CPU
		{A59601BF-79D1-42F2-A5C9-38DAE82553BA}.Debug|Any CPU.ActiveCfg = Debug|Any CPU
		{A59601BF-79D1-42F2-A5C9-38DAE82553BA}.Debug|Any CPU.Build.0 = Debug|Any CPU
		{A59601BF-79D1-42F2-A5C9-38DAE82553BA}.Release|Any CPU.ActiveCfg = Release|Any CPU
		{A59601BF-79D1-42F2-A5C9-38DAE82553BA}.Release|Any CPU.Build.0 = Release|Any CPU
		{7D1E0E0F-D464-4952-B3C3-90160058EB15}.Debug|Any CPU.ActiveCfg = Debug|Any CPU
		{7D1E0E0F-D464-4952-B3C3-90160058EB15}.Debug|Any CPU.Build.0 = Debug|Any CPU
		{7D1E0E0F-D464-4952-B3C3-90160058EB15}.Release|Any CPU.ActiveCfg = Release|Any CPU
		{7D1E0E0F-D464-4952-B3C3-90160058EB15}.Release|Any CPU.Build.0 = Release|Any CPU
		{8F85DB79-ECEF-467E-BC27-A7007355F356}.Debug|Any CPU.ActiveCfg = Debug|Any CPU
		{8F85DB79-ECEF-467E-BC27-A7007355F356}.Debug|Any CPU.Build.0 = Debug|Any CPU
		{8F85DB79-ECEF-467E-BC27-A7007355F356}.Release|Any CPU.ActiveCfg = Release|Any CPU
		{8F85DB79-ECEF-467E-BC27-A7007355F356}.Release|Any CPU.Build.0 = Release|Any CPU
		{89853842-9810-487F-8828-D56AC3147305}.Debug|Any CPU.ActiveCfg = Debug|Any CPU
		{89853842-9810-487F-8828-D56AC3147305}.Debug|Any CPU.Build.0 = Debug|Any CPU
		{89853842-9810-487F-8828-D56AC3147305}.Release|Any CPU.ActiveCfg = Release|Any CPU
		{89853842-9810-487F-8828-D56AC3147305}.Release|Any CPU.Build.0 = Release|Any CPU
		{E8F0E9F3-4605-4424-B4D9-62CD55B25B6B}.Debug|Any CPU.ActiveCfg = Debug|Any CPU
		{E8F0E9F3-4605-4424-B4D9-62CD55B25B6B}.Debug|Any CPU.Build.0 = Debug|Any CPU
		{E8F0E9F3-4605-4424-B4D9-62CD55B25B6B}.Release|Any CPU.ActiveCfg = Release|Any CPU
		{E8F0E9F3-4605-4424-B4D9-62CD55B25B6B}.Release|Any CPU.Build.0 = Release|Any CPU
	EndGlobalSection
	GlobalSection(SolutionProperties) = preSolution
		HideSolutionNode = FALSE
	EndGlobalSection
EndGlobal
