
Microsoft Visual Studio Solution File, Format Version 12.00
# Visual Studio Version 17
VisualStudioVersion = 17.0.31903.59
MinimumVisualStudioVersion = 10.0.40219.1
Project("{FAE04EC0-301F-11D3-BF4B-00C04F79EFBC}") = "1. CSharp_Mini_8hrs", "CSharp_Mini_8hrs\1. CSharp_Mini_8hrs.csproj", "{8C027DCE-4660-4583-B675-A7F79A6CF7C9}"
EndProject
Project("{2150E333-8FDC-42A3-9474-1A3956D46DE8}") = "CSharp_Mini_8hrs_Project", "CSharp_Mini_8hrs_Project", "{A7E32BA3-7E3F-4D69-AE79-784156F6E25A}"
EndProject
Project("{FAE04EC0-301F-11D3-BF4B-00C04F79EFBC}") = "2. Switch", "Switch\2. Switch.csproj", "{724C3FAB-811F-434C-A249-23FC3B2DAF81}"
EndProject
Project("{FAE04EC0-301F-11D3-BF4B-00C04F79EFBC}") = "3. For Loops", "For Loops\3. For Loops.csproj", "{71626FE6-A276-49D9-BFF8-4BCCB310EB75}"
EndProject
Project("{FAE04EC0-301F-11D3-BF4B-00C04F79EFBC}") = "4. While_Loops", "While_Loops\4. While_Loops.csproj", "{1D4D6769-C0D8-4C90-B6EC-D0F6A54845D7}"
EndProject
Project("{FAE04EC0-301F-11D3-BF4B-00C04F79EFBC}") = "5. Condition_Operator", "Condition_Operator\5. Condition_Operator.csproj", "{1992652B-9607-471F-A72A-FD7E2B9202A5}"
EndProject
Project("{FAE04EC0-301F-11D3-BF4B-00C04F79EFBC}") = "6. TryParse Function", "6. TryParse Function\6. TryParse Function.csproj", "{ADE3895A-E442-49BD-AE19-04536D69DE91}"
EndProject
Project("{FAE04EC0-301F-11D3-BF4B-00C04F79EFBC}") = "7. Excercise _ Times Table", "7. Excercise _ Times Table\7. Excercise _ Times Table.csproj", "{BD8272B3-ACB2-474C-8FC5-C7714CCB6A85}"
EndProject
Project("{FAE04EC0-301F-11D3-BF4B-00C04F79EFBC}") = "8. Excercise _ Fizz Buzz Game", "8. Excercise _ Fizz Buzz Game\8. Excercise _ Fizz Buzz Game.csproj", "{95438669-B3ED-4CDC-B0C3-E3ABF12A3986}"
EndProject
Global
	GlobalSection(SolutionConfigurationPlatforms) = preSolution
		Debug|Any CPU = Debug|Any CPU
		Release|Any CPU = Release|Any CPU
	EndGlobalSection
	GlobalSection(ProjectConfigurationPlatforms) = postSolution
		{8C027DCE-4660-4583-B675-A7F79A6CF7C9}.Debug|Any CPU.ActiveCfg = Debug|Any CPU
		{8C027DCE-4660-4583-B675-A7F79A6CF7C9}.Debug|Any CPU.Build.0 = Debug|Any CPU
		{8C027DCE-4660-4583-B675-A7F79A6CF7C9}.Release|Any CPU.ActiveCfg = Release|Any CPU
		{8C027DCE-4660-4583-B675-A7F79A6CF7C9}.Release|Any CPU.Build.0 = Release|Any CPU
		{724C3FAB-811F-434C-A249-23FC3B2DAF81}.Debug|Any CPU.ActiveCfg = Debug|Any CPU
		{724C3FAB-811F-434C-A249-23FC3B2DAF81}.Debug|Any CPU.Build.0 = Debug|Any CPU
		{724C3FAB-811F-434C-A249-23FC3B2DAF81}.Release|Any CPU.ActiveCfg = Release|Any CPU
		{724C3FAB-811F-434C-A249-23FC3B2DAF81}.Release|Any CPU.Build.0 = Release|Any CPU
		{71626FE6-A276-49D9-BFF8-4BCCB310EB75}.Debug|Any CPU.ActiveCfg = Debug|Any CPU
		{71626FE6-A276-49D9-BFF8-4BCCB310EB75}.Debug|Any CPU.Build.0 = Debug|Any CPU
		{71626FE6-A276-49D9-BFF8-4BCCB310EB75}.Release|Any CPU.ActiveCfg = Release|Any CPU
		{71626FE6-A276-49D9-BFF8-4BCCB310EB75}.Release|Any CPU.Build.0 = Release|Any CPU
		{1D4D6769-C0D8-4C90-B6EC-D0F6A54845D7}.Debug|Any CPU.ActiveCfg = Debug|Any CPU
		{1D4D6769-C0D8-4C90-B6EC-D0F6A54845D7}.Debug|Any CPU.Build.0 = Debug|Any CPU
		{1D4D6769-C0D8-4C90-B6EC-D0F6A54845D7}.Release|Any CPU.ActiveCfg = Release|Any CPU
		{1D4D6769-C0D8-4C90-B6EC-D0F6A54845D7}.Release|Any CPU.Build.0 = Release|Any CPU
		{1992652B-9607-471F-A72A-FD7E2B9202A5}.Debug|Any CPU.ActiveCfg = Debug|Any CPU
		{1992652B-9607-471F-A72A-FD7E2B9202A5}.Debug|Any CPU.Build.0 = Debug|Any CPU
		{1992652B-9607-471F-A72A-FD7E2B9202A5}.Release|Any CPU.ActiveCfg = Release|Any CPU
		{1992652B-9607-471F-A72A-FD7E2B9202A5}.Release|Any CPU.Build.0 = Release|Any CPU
		{ADE3895A-E442-49BD-AE19-04536D69DE91}.Debug|Any CPU.ActiveCfg = Debug|Any CPU
		{ADE3895A-E442-49BD-AE19-04536D69DE91}.Debug|Any CPU.Build.0 = Debug|Any CPU
		{ADE3895A-E442-49BD-AE19-04536D69DE91}.Release|Any CPU.ActiveCfg = Release|Any CPU
		{ADE3895A-E442-49BD-AE19-04536D69DE91}.Release|Any CPU.Build.0 = Release|Any CPU
		{BD8272B3-ACB2-474C-8FC5-C7714CCB6A85}.Debug|Any CPU.ActiveCfg = Debug|Any CPU
		{BD8272B3-ACB2-474C-8FC5-C7714CCB6A85}.Debug|Any CPU.Build.0 = Debug|Any CPU
		{BD8272B3-ACB2-474C-8FC5-C7714CCB6A85}.Release|Any CPU.ActiveCfg = Release|Any CPU
		{BD8272B3-ACB2-474C-8FC5-C7714CCB6A85}.Release|Any CPU.Build.0 = Release|Any CPU
		{95438669-B3ED-4CDC-B0C3-E3ABF12A3986}.Debug|Any CPU.ActiveCfg = Debug|Any CPU
		{95438669-B3ED-4CDC-B0C3-E3ABF12A3986}.Debug|Any CPU.Build.0 = Debug|Any CPU
		{95438669-B3ED-4CDC-B0C3-E3ABF12A3986}.Release|Any CPU.ActiveCfg = Release|Any CPU
		{95438669-B3ED-4CDC-B0C3-E3ABF12A3986}.Release|Any CPU.Build.0 = Release|Any CPU
	EndGlobalSection
	GlobalSection(SolutionProperties) = preSolution
		HideSolutionNode = FALSE
	EndGlobalSection
EndGlobal
