
Microsoft Visual Studio Solution File, Format Version 12.00
# Visual Studio Version 17
VisualStudioVersion = 17.0.31903.59
MinimumVisualStudioVersion = 10.0.40219.1
Project("{FAE04EC0-301F-11D3-BF4B-00C04F79EFBC}") = "C#_Projects", "C#_Projects\C#_Projects.csproj", "{783FCCF7-A49A-472E-B51D-5B90CDB95998}"
EndProject
Project("{FAE04EC0-301F-11D3-BF4B-00C04F79EFBC}") = "1.How_To_Make_A_Calculator", "1.How_To_Make_A_Calculator\1.How_To_Make_A_Calculator.csproj", "{FE80A257-CD02-4C62-BA0D-29C1130A4888}"
EndProject
Global
	GlobalSection(SolutionConfigurationPlatforms) = preSolution
		Debug|Any CPU = Debug|Any CPU
		Release|Any CPU = Release|Any CPU
	EndGlobalSection
	GlobalSection(SolutionProperties) = preSolution
		HideSolutionNode = FALSE
	EndGlobalSection
	GlobalSection(ProjectConfigurationPlatforms) = postSolution
		{783FCCF7-A49A-472E-B51D-5B90CDB95998}.Debug|Any CPU.ActiveCfg = Debug|Any CPU
		{783FCCF7-A49A-472E-B51D-5B90CDB95998}.Debug|Any CPU.Build.0 = Debug|Any CPU
		{783FCCF7-A49A-472E-B51D-5B90CDB95998}.Release|Any CPU.ActiveCfg = Release|Any CPU
		{783FCCF7-A49A-472E-B51D-5B90CDB95998}.Release|Any CPU.Build.0 = Release|Any CPU
		{FE80A257-CD02-4C62-BA0D-29C1130A4888}.Debug|Any CPU.ActiveCfg = Debug|Any CPU
		{FE80A257-CD02-4C62-BA0D-29C1130A4888}.Debug|Any CPU.Build.0 = Debug|Any CPU
		{FE80A257-CD02-4C62-BA0D-29C1130A4888}.Release|Any CPU.ActiveCfg = Release|Any CPU
		{FE80A257-CD02-4C62-BA0D-29C1130A4888}.Release|Any CPU.Build.0 = Release|Any CPU
	EndGlobalSection
EndGlobal
